// !$*UTF8*$!
{
	archiveVersion = 1;
	classes = {
	};
	objectVersion = 77;
	objects = {

/* Begin PBXBuildFile section */
		30C5984C782E451E9E6C7744 /* NomieReport.appex in CopyFiles */ = {isa = PBXBuildFile; fileRef = 33547793D1C44B5CA38D2D13 /* NomieReport.appex */; settings = {ATTRIBUTES = (RemoveHeadersOnCopy, ); }; };
/* End PBXBuildFile section */

/* Begin PBXContainerItemProxy section */
		037838889BF54DD5A3402751 /* PBXContainerItemProxy */ = {
			isa = PBXContainerItemProxy;
			containerPortal = B04FFBE52F1B1C290073190A /* Project object */;
			proxyType = 1;
			remoteGlobalIDString = 07FCB665338048BBB6533A44;
			remoteInfo = NomieReport;
		};
		B04FFBFF2F1B1C2C0073190A /* PBXContainerItemProxy */ = {
			isa = PBXContainerItemProxy;
			containerPortal = B04FFBE52F1B1C290073190A /* Project object */;
			proxyType = 1;
			remoteGlobalIDString = B04FFBEC2F1B1C290073190A;
			remoteInfo = Nomie;
		};
		B04FFC092F1B1C2C0073190A /* PBXContainerItemProxy */ = {
			isa = PBXContainerItemProxy;
			containerPortal = B04FFBE52F1B1C290073190A /* Project object */;
			proxyType = 1;
			remoteGlobalIDString = B04FFBEC2F1B1C290073190A;
			remoteInfo = Nomie;
		};
/* End PBXContainerItemProxy section */

/* Begin PBXCopyFilesBuildPhase section */
		A420E5DD68244B93B3C12184 /* CopyFiles */ = {
			isa = PBXCopyFilesBuildPhase;
			buildActionMask = 2147483647;
			dstPath = "";
			dstSubfolderSpec = 13;
			files = (
				30C5984C782E451E9E6C7744 /* NomieReport.appex in CopyFiles */,
			);
			runOnlyForDeploymentPostprocessing = 0;
		};
/* End PBXCopyFilesBuildPhase section */

/* Begin PBXFileReference section */
		33547793D1C44B5CA38D2D13 /* NomieReport.appex */ = {isa = PBXFileReference; explicitFileType = "wrapper.app-extension"; includeInIndex = 0; path = NomieReport.appex; sourceTree = BUILT_PRODUCTS_DIR; };
		B04FFBED2F1B1C290073190A /* Nomie.app */ = {isa = PBXFileReference; explicitFileType = wrapper.application; includeInIndex = 0; path = Nomie.app; sourceTree = BUILT_PRODUCTS_DIR; };
		B04FFBFE2F1B1C2C0073190A /* NomieTests.xctest */ = {isa = PBXFileReference; explicitFileType = wrapper.cfbundle; includeInIndex = 0; path = NomieTests.xctest; sourceTree = BUILT_PRODUCTS_DIR; };
		B04FFC082F1B1C2C0073190A /* NomieUITests.xctest */ = {isa = PBXFileReference; explicitFileType = wrapper.cfbundle; includeInIndex = 0; path = NomieUITests.xctest; sourceTree = BUILT_PRODUCTS_DIR; };
/* End PBXFileReference section */

/* Begin PBXFileSystemSynchronizedBuildFileExceptionSet section */
		A4604B96667C4A189F593CB1 /* Exceptions for "NomieReport" folder in "NomieReport" target */ = {
			isa = PBXFileSystemSynchronizedBuildFileExceptionSet;
			membershipExceptions = (
				Info.plist,
			);
			target = 07FCB665338048BBB6533A44 /* NomieReport */;
		};
		B04FFC102F1B1C2C0073190A /* Exceptions for "Nomie" folder in "Nomie" target */ = {
			isa = PBXFileSystemSynchronizedBuildFileExceptionSet;
			membershipExceptions = (
				Info.plist,
			);
			target = B04FFBEC2F1B1C290073190A /* Nomie */;
		};
/* End PBXFileSystemSynchronizedBuildFileExceptionSet section */

/* Begin PBXFileSystemSynchronizedRootGroup section */
		84805C65439547DDADDADB49 /* NomieReport */ = {
			isa = PBXFileSystemSynchronizedRootGroup;
			exceptions = (
				A4604B96667C4A189F593CB1 /* Exceptions for "NomieReport" folder in "NomieReport" target */,
			);
			path = NomieReport;
			sourceTree = "<group>";
		};
		B04FFBEF2F1B1C290073190A /* Nomie */ = {
			isa = PBXFileSystemSynchronizedRootGroup;
			exceptions = (
				B04FFC102F1B1C2C0073190A /* Exceptions for "Nomie" folder in "Nomie" target */,
			);
			path = Nomie;
			sourceTree = "<group>";
		};
		B04FFC012F1B1C2C0073190A /* NomieTests */ = {
			isa = PBXFileSystemSynchronizedRootGroup;
			path = NomieTests;
			sourceTree = "<group>";
		};
		B04FFC0B2F1B1C2C0073190A /* NomieUITests */ = {
			isa = PBXFileSystemSynchronizedRootGroup;
			path = NomieUITests;
			sourceTree = "<group>";
		};
/* End PBXFileSystemSynchronizedRootGroup section */

/* Begin PBXFrameworksBuildPhase section */
		80F60310B5FA4B6DB8A0EF70 /* Frameworks */ = {
			isa = PBXFrameworksBuildPhase;
			buildActionMask = 2147483647;
			files = (
			);
			runOnlyForDeploymentPostprocessing = 0;
		};
		B04FFBEA2F1B1C290073190A /* Frameworks */ = {
			isa = PBXFrameworksBuildPhase;
			buildActionMask = 2147483647;
			files = (
			);
			runOnlyForDeploymentPostprocessing = 0;
		};
		B04FFBFB2F1B1C2C0073190A /* Frameworks */ = {
			isa = PBXFrameworksBuildPhase;
			buildActionMask = 2147483647;
			files = (
			);
			runOnlyForDeploymentPostprocessing = 0;
		};
		B04FFC052F1B1C2C0073190A /* Frameworks */ = {
			isa = PBXFrameworksBuildPhase;
			buildActionMask = 2147483647;
			files = (
			);
			runOnlyForDeploymentPostprocessing = 0;
		};
/* End PBXFrameworksBuildPhase section */

/* Begin PBXGroup section */
		B04FFBE42F1B1C290073190A = {
			isa = PBXGroup;
			children = (
				B04FFBEF2F1B1C290073190A /* Nomie */,
				84805C65439547DDADDADB49 /* NomieReport */,
				B04FFC012F1B1C2C0073190A /* NomieTests */,
				B04FFC0B2F1B1C2C0073190A /* NomieUITests */,
				B04FFBEE2F1B1C290073190A /* Products */,
			);
			sourceTree = "<group>";
		};
		B04FFBEE2F1B1C290073190A /* Products */ = {
			isa = PBXGroup;
			children = (
				B04FFBED2F1B1C290073190A /* Nomie.app */,
				33547793D1C44B5CA38D2D13 /* NomieReport.appex */,
				B04FFBFE2F1B1C2C0073190A /* NomieTests.xctest */,
				B04FFC082F1B1C2C0073190A /* NomieUITests.xctest */,
			);
			name = Products;
			sourceTree = "<group>";
		};
/* End PBXGroup section */

/* Begin PBXNativeTarget section */
		07FCB665338048BBB6533A44 /* NomieReport */ = {
			isa = PBXNativeTarget;
			buildConfigurationList = 36EDD2045210423885CE5EDD /* Build configuration list for PBXNativeTarget "NomieReport" */;
			buildPhases = (
				3597968FC48146D7B2E695BF /* Sources */,
				80F60310B5FA4B6DB8A0EF70 /* Frameworks */,
				F5314531B184498DB3B259D5 /* Resources */,
			);
			buildRules = (
			);
			dependencies = (
			);
			fileSystemSynchronizedGroups = (
				84805C65439547DDADDADB49 /* NomieReport */,
			);
			name = NomieReport;
			packageProductDependencies = (
			);
			productName = NomieReport;
			productReference = 33547793D1C44B5CA38D2D13 /* NomieReport.appex */;
			productType = "com.apple.product-type.app-extension";
		};
		B04FFBEC2F1B1C290073190A /* Nomie */ = {
			isa = PBXNativeTarget;
			buildConfigurationList = B04FFC112F1B1C2C0073190A /* Build configuration list for PBXNativeTarget "Nomie" */;
			buildPhases = (
				B04FFBE92F1B1C290073190A /* Sources */,
				B04FFBEA2F1B1C290073190A /* Frameworks */,
				B04FFBEB2F1B1C290073190A /* Resources */,
				A420E5DD68244B93B3C12184 /* CopyFiles */,
			);
			buildRules = (
			);
			dependencies = (
				954B8CBC82C24A30BD01BBB3 /* PBXTargetDependency */,
			);
			fileSystemSynchronizedGroups = (
				B04FFBEF2F1B1C290073190A /* Nomie */,
			);
			name = Nomie;
			packageProductDependencies = (
			);
			productName = Nomie;
			productReference = B04FFBED2F1B1C290073190A /* Nomie.app */;
			productType = "com.apple.product-type.application";
		};
		B04FFBFD2F1B1C2C0073190A /* NomieTests */ = {
			isa = PBXNativeTarget;
			buildConfigurationList = B04FFC162F1B1C2C0073190A /* Build configuration list for PBXNativeTarget "NomieTests" */;
			buildPhases = (
				B04FFBFA2F1B1C2C0073190A /* Sources */,
				B04FFBFB2F1B1C2C0073190A /* Frameworks */,
				B04FFBFC2F1B1C2C0073190A /* Resources */,
			);
			buildRules = (
			);
			dependencies = (
				B04FFC002F1B1C2C0073190A /* PBXTargetDependency */,
			);
			fileSystemSynchronizedGroups = (
				B04FFC012F1B1C2C0073190A /* NomieTests */,
			);
			name = NomieTests;
			packageProductDependencies = (
			);
			productName = NomieTests;
			productReference = B04FFBFE2F1B1C2C0073190A /* NomieTests.xctest */;
			productType = "com.apple.product-type.bundle.unit-test";
		};
		B04FFC072F1B1C2C0073190A /* NomieUITests */ = {
			isa = PBXNativeTarget;
			buildConfigurationList = B04FFC192F1B1C2C0073190A /* Build configuration list for PBXNativeTarget "NomieUITests" */;
			buildPhases = (
				B04FFC042F1B1C2C0073190A /* Sources */,
				B04FFC052F1B1C2C0073190A /* Frameworks */,
				B04FFC062F1B1C2C0073190A /* Resources */,
			);
			buildRules = (
			);
			dependencies = (
				B04FFC0A2F1B1C2C0073190A /* PBXTargetDependency */,
			);
			fileSystemSynchronizedGroups = (
				B04FFC0B2F1B1C2C0073190A /* NomieUITests */,
			);
			name = NomieUITests;
			packageProductDependencies = (
			);
			productName = NomieUITests;
			productReference = B04FFC082F1B1C2C0073190A /* NomieUITests.xctest */;
			productType = "com.apple.product-type.bundle.ui-testing";
		};
/* End PBXNativeTarget section */

/* Begin PBXProject section */
		B04FFBE52F1B1C290073190A /* Project object */ = {
			isa = PBXProject;
			attributes = {
				BuildIndependentTargetsInParallel = 1;
				LastSwiftUpdateCheck = 2620;
				LastUpgradeCheck = 2620;
				TargetAttributes = {
					07FCB665338048BBB6533A44 = {
						CreatedOnToolsVersion = 26.2;
					};
					B04FFBEC2F1B1C290073190A = {
						CreatedOnToolsVersion = 26.2;
					};
					B04FFBFD2F1B1C2C0073190A = {
						CreatedOnToolsVersion = 26.2;
						TestTargetID = B04FFBEC2F1B1C290073190A;
					};
					B04FFC072F1B1C2C0073190A = {
						CreatedOnToolsVersion = 26.2;
						TestTargetID = B04FFBEC2F1B1C290073190A;
					};
				};
			};
			buildConfigurationList = B04FFBE82F1B1C290073190A /* Build configuration list for PBXProject "Nomie" */;
			developmentRegion = en;
			hasScannedForEncodings = 0;
			knownRegions = (
				en,
				Base,
			);
			mainGroup = B04FFBE42F1B1C290073190A;
			minimizedProjectReferenceProxies = 1;
			preferredProjectObjectVersion = 77;
			productRefGroup = B04FFBEE2F1B1C290073190A /* Products */;
			projectDirPath = "";
			projectRoot = "";
			targets = (
				B04FFBEC2F1B1C290073190A /* Nomie */,
				07FCB665338048BBB6533A44 /* NomieReport */,
				B04FFBFD2F1B1C2C0073190A /* NomieTests */,
				B04FFC072F1B1C2C0073190A /* NomieUITests */,
			);
		};
/* End PBXProject section */

/* Begin PBXResourcesBuildPhase section */
		B04FFBEB2F1B1C290073190A /* Resources */ = {
			isa = PBXResourcesBuildPhase;
			buildActionMask = 2147483647;
			files = (
			);
			runOnlyForDeploymentPostprocessing = 0;
		};
		B04FFBFC2F1B1C2C0073190A /* Resources */ = {
			isa = PBXResourcesBuildPhase;
			buildActionMask = 2147483647;
			files = (
			);
			runOnlyForDeploymentPostprocessing = 0;
		};
		B04FFC062F1B1C2C0073190A /* Resources */ = {
			isa = PBXResourcesBuildPhase;
			buildActionMask = 2147483647;
			files = (
			);
			runOnlyForDeploymentPostprocessing = 0;
		};
		F5314531B184498DB3B259D5 /* Resources */ = {
			isa = PBXResourcesBuildPhase;
			buildActionMask = 2147483647;
			files = (
			);
			runOnlyForDeploymentPostprocessing = 0;
		};
/* End PBXResourcesBuildPhase section */

/* Begin PBXSourcesBuildPhase section */
		3597968FC48146D7B2E695BF /* Sources */ = {
			isa = PBXSourcesBuildPhase;
			buildActionMask = 2147483647;
			files = (
			);
			runOnlyForDeploymentPostprocessing = 0;
		};
		B04FFBE92F1B1C290073190A /* Sources */ = {
			isa = PBXSourcesBuildPhase;
			buildActionMask = 2147483647;
			files = (
			);
			runOnlyForDeploymentPostprocessing = 0;
		};
		B04FFBFA2F1B1C2C0073190A /* Sources */ = {
			isa = PBXSourcesBuildPhase;
			buildActionMask = 2147483647;
			files = (
			);
			runOnlyForDeploymentPostprocessing = 0;
		};
		B04FFC042F1B1C2C0073190A /* Sources */ = {
			isa = PBXSourcesBuildPhase;
			buildActionMask = 2147483647;
			files = (
			);
			runOnlyForDeploymentPostprocessing = 0;
		};
/* End PBXSourcesBuildPhase section */

/* Begin PBXTargetDependency section */
		954B8CBC82C24A30BD01BBB3 /* PBXTargetDependency */ = {
			isa = PBXTargetDependency;
			target = 07FCB665338048BBB6533A44 /* NomieReport */;
			targetProxy = 037838889BF54DD5A3402751 /* PBXContainerItemProxy */;
		};
		B04FFC002F1B1C2C0073190A /* PBXTargetDependency */ = {
			isa = PBXTargetDependency;
			target = B04FFBEC2F1B1C290073190A /* Nomie */;
			targetProxy = B04FFBFF2F1B1C2C0073190A /* PBXContainerItemProxy */;
		};
		B04FFC0A2F1B1C2C0073190A /* PBXTargetDependency */ = {
			isa = PBXTargetDependency;
			target = B04FFBEC2F1B1C290073190A /* Nomie */;
			targetProxy = B04FFC092F1B1C2C0073190A /* PBXContainerItemProxy */;
		};
/* End PBXTargetDependency section */

/* Begin XCBuildConfiguration section */
		7A0BF7281D3F43C6A95EC784 /* Debug */ = {
			isa = XCBuildConfiguration;
			buildSettings = {
				CODE_SIGN_ENTITLEMENTS = NomieReport/NomieReport.entitlements;
				CODE_SIGN_STYLE = Automatic;
				CURRENT_PROJECT_VERSION = 1;
				DEVELOPMENT_TEAM = "";
				GENERATE_INFOPLIST_FILE = NO;
				INFOPLIST_FILE = NomieReport/Info.plist;
				IPHONEOS_DEPLOYMENT_TARGET = 16.0;
				MARKETING_VERSION = 1.0;
				PRODUCT_BUNDLE_IDENTIFIER = com.msr.nomie.NomieReport;
				PRODUCT_NAME = "$(TARGET_NAME)";
				SKIP_INSTALL = YES;
				SWIFT_VERSION = 5.0;
				TARGETED_DEVICE_FAMILY = "1,2";
			};
			name = Debug;
		};
		951D78DFD062491DBFB5630F /* Release */ = {
			isa = XCBuildConfiguration;
			buildSettings = {
				CODE_SIGN_ENTITLEMENTS = NomieReport/NomieReport.entitlements;
				CODE_SIGN_STYLE = Automatic;
				CURRENT_PROJECT_VERSION = 1;
				DEVELOPMENT_TEAM = "";
				GENERATE_INFOPLIST_FILE = NO;
				INFOPLIST_FILE = NomieReport/Info.plist;
				IPHONEOS_DEPLOYMENT_TARGET = 16.0;
				MARKETING_VERSION = 1.0;
				PRODUCT_BUNDLE_IDENTIFIER = com.msr.nomie.NomieReport;
				PRODUCT_NAME = "$(TARGET_NAME)";
				SKIP_INSTALL = YES;
				SWIFT_VERSION = 5.0;
				TARGETED_DEVICE_FAMILY = "1,2";
			};
			name = Release;
		};
		B04FFC122F1B1C2C0073190A /* Debug */ = {
			isa = XCBuildConfiguration;
			buildSettings = {
				ASSETCATALOG_COMPILER_APPICON_NAME = AppIcon;
				ASSETCATALOG_COMPILER_GLOBAL_ACCENT_COLOR_NAME = AccentColor;
				CODE_SIGN_ENTITLEMENTS = Nomie/Nomie.entitlements;
				CODE_SIGN_STYLE = Automatic;
				CURRENT_PROJECT_VERSION = 1;
				DEVELOPMENT_TEAM = "";
				ENABLE_PREVIEWS = YES;
				GENERATE_INFOPLIST_FILE = YES;
				INFOPLIST_FILE = Nomie/Info.plist;
				INFOPLIST_KEY_UIApplicationSceneManifest_Generation = YES;
				INFOPLIST_KEY_UIApplicationSupportsIndirectInputEvents = YES;
				INFOPLIST_KEY_UILaunchScreen_Generation = YES;
				INFOPLIST_KEY_UISupportedInterfaceOrientations_iPad = "UIInterfaceOrientationPortrait UIInterfaceOrientationPortraitUpsideDown UIInterfaceOrientationLandscapeLeft UIInterfaceOrientationLandscapeRight";
				INFOPLIST_KEY_UISupportedInterfaceOrientations_iPhone = "UIInterfaceOrientationPortrait UIInterfaceOrientationLandscapeLeft UIInterfaceOrientationLandscapeRight";
				LD_RUNPATH_SEARCH_PATHS = (
					"$(inherited)",
					"@executable_path/Frameworks",
				);
				MARKETING_VERSION = 1.0;
				PRODUCT_BUNDLE_IDENTIFIER = com.msr.nomie;
				PRODUCT_NAME = "$(TARGET_NAME)";
				STRING_CATALOG_GENERATE_SYMBOLS = YES;
				SWIFT_APPROACHABLE_CONCURRENCY = YES;
				SWIFT_DEFAULT_ACTOR_ISOLATION = MainActor;
				SWIFT_EMIT_LOC_STRINGS = YES;
				SWIFT_UPCOMING_FEATURE_MEMBER_IMPORT_VISIBILITY = YES;
				SWIFT_VERSION = 5.0;
				TARGETED_DEVICE_FAMILY = "1,2";
			};
			name = Debug;
		};
		B04FFC132F1B1C2C0073190A /* Release */ = {
			isa = XCBuildConfiguration;
			buildSettings = {
				ASSETCATALOG_COMPILER_APPICON_NAME = AppIcon;
				ASSETCATALOG_COMPILER_GLOBAL_ACCENT_COLOR_NAME = AccentColor;
				CODE_SIGN_ENTITLEMENTS = Nomie/Nomie.entitlements;
				CODE_SIGN_STYLE = Automatic;
				CURRENT_PROJECT_VERSION = 1;
				DEVELOPMENT_TEAM = "";
				ENABLE_PREVIEWS = YES;
				GENERATE_INFOPLIST_FILE = YES;
				INFOPLIST_FILE = Nomie/Info.plist;
				INFOPLIST_KEY_UIApplicationSceneManifest_Generation = YES;
				INFOPLIST_KEY_UIApplicationSupportsIndirectInputEvents = YES;
				INFOPLIST_KEY_UILaunchScreen_Generation = YES;
				INFOPLIST_KEY_UISupportedInterfaceOrientations_iPad = "UIInterfaceOrientationPortrait UIInterfaceOrientationPortraitUpsideDown UIInterfaceOrientationLandscapeLeft UIInterfaceOrientationLandscapeRight";
				INFOPLIST_KEY_UISupportedInterfaceOrientations_iPhone = "UIInterfaceOrientationPortrait UIInterfaceOrientationLandscapeLeft UIInterfaceOrientationLandscapeRight";
				LD_RUNPATH_SEARCH_PATHS = (
					"$(inherited)",
					"@executable_path/Frameworks",
				);
				MARKETING_VERSION = 1.0;
				PRODUCT_BUNDLE_IDENTIFIER = com.msr.nomie;
				PRODUCT_NAME = "$(TARGET_NAME)";
				STRING_CATALOG_GENERATE_SYMBOLS = YES;
				SWIFT_APPROACHABLE_CONCURRENCY = YES;
				SWIFT_DEFAULT_ACTOR_ISOLATION = MainActor;
				SWIFT_EMIT_LOC_STRINGS = YES;
				SWIFT_UPCOMING_FEATURE_MEMBER_IMPORT_VISIBILITY = YES;
				SWIFT_VERSION = 5.0;
				TARGETED_DEVICE_FAMILY = "1,2";
			};
			name = Release;
		};
		B04FFC142F1B1C2C0073190A /* Debug */ = {
			isa = XCBuildConfiguration;
			buildSettings = {
				ALWAYS_SEARCH_USER_PATHS = NO;
				ASSETCATALOG_COMPILER_GENERATE_SWIFT_ASSET_SYMBOL_EXTENSIONS = YES;
				CLANG_ANALYZER_NONNULL = YES;
				CLANG_ANALYZER_NUMBER_OBJECT_CONVERSION = YES_AGGRESSIVE;
				CLANG_CXX_LANGUAGE_STANDARD = "gnu++20";
				CLANG_ENABLE_MODULES = YES;
				CLANG_ENABLE_OBJC_ARC = YES;
				CLANG_ENABLE_OBJC_WEAK = YES;
				CLANG_WARN_BLOCK_CAPTURE_AUTORELEASING = YES;
				CLANG_WARN_BOOL_CONVERSION = YES;
				CLANG_WARN_COMMA = YES;
				CLANG_WARN_CONSTANT_CONVERSION = YES;
				CLANG_WARN_DEPRECATED_OBJC_IMPLEMENTATIONS = YES;
				CLANG_WARN_DIRECT_OBJC_ISA_USAGE = YES_ERROR;
				CLANG_WARN_DOCUMENTATION_COMMENTS = YES;
				CLANG_WARN_EMPTY_BODY = YES;
				CLANG_WARN_ENUM_CONVERSION = YES;
				CLANG_WARN_INFINITE_RECURSION = YES;
				CLANG_WARN_INT_CONVERSION = YES;
				CLANG_WARN_NON_LITERAL_NULL_CONVERSION = YES;
				CLANG_WARN_OBJC_IMPLICIT_RETAIN_SELF = YES;
				CLANG_WARN_OBJC_LITERAL_CONVERSION = YES;
				CLANG_WARN_OBJC_ROOT_CLASS = YES_ERROR;
				CLANG_WARN_QUOTED_INCLUDE_IN_FRAMEWORK_HEADER = YES;
				CLANG_WARN_RANGE_LOOP_ANALYSIS = YES;
				CLANG_WARN_STRICT_PROTOTYPES = YES;
				CLANG_WARN_SUSPICIOUS_MOVE = YES;
				CLANG_WARN_UNGUARDED_AVAILABILITY = YES_AGGRESSIVE;
				CLANG_WARN_UNREACHABLE_CODE = YES;
				CLANG_WARN__DUPLICATE_METHOD_MATCH = YES;
				COPY_PHASE_STRIP = NO;
				DEBUG_INFORMATION_FORMAT = dwarf;
				DEVELOPMENT_TEAM = "";
				ENABLE_STRICT_OBJC_MSGSEND = YES;
				ENABLE_TESTABILITY = YES;
				ENABLE_USER_SCRIPT_SANDBOXING = YES;
				GCC_C_LANGUAGE_STANDARD = gnu17;
				GCC_DYNAMIC_NO_PIC = NO;
				GCC_NO_COMMON_BLOCKS = YES;
				GCC_OPTIMIZATION_LEVEL = 0;
				GCC_PREPROCESSOR_DEFINITIONS = (
					"DEBUG=1",
					"$(inherited)",
				);
				GCC_WARN_64_TO_32_BIT_CONVERSION = YES;
				GCC_WARN_ABOUT_RETURN_TYPE = YES_ERROR;
				GCC_WARN_UNDECLARED_SELECTOR = YES;
				GCC_WARN_UNINITIALIZED_AUTOS = YES_AGGRESSIVE;
				GCC_WARN_UNUSED_FUNCTION = YES;
				GCC_WARN_UNUSED_VARIABLE = YES;
				IPHONEOS_DEPLOYMENT_TARGET = 16.0;
				LOCALIZATION_PREFERS_STRING_CATALOGS = YES;
				MTL_ENABLE_DEBUG_INFO = INCLUDE_SOURCE;
				MTL_FAST_MATH = YES;
				ONLY_ACTIVE_ARCH = YES;
				SDKROOT = iphoneos;
				SWIFT_ACTIVE_COMPILATION_CONDITIONS = "DEBUG $(inherited)";
				SWIFT_OPTIMIZATION_LEVEL = "-Onone";
			};
			name = Debug;
		};
		B04FFC152F1B1C2C0073190A /* Release */ = {
			isa = XCBuildConfiguration;
			buildSettings = {
				ALWAYS_SEARCH_USER_PATHS = NO;
				ASSETCATALOG_COMPILER_GENERATE_SWIFT_ASSET_SYMBOL_EXTENSIONS = YES;
				CLANG_ANALYZER_NONNULL = YES;
				CLANG_ANALYZER_NUMBER_OBJECT_CONVERSION = YES_AGGRESSIVE;
				CLANG_CXX_LANGUAGE_STANDARD = "gnu++20";
				CLANG_ENABLE_MODULES = YES;
				CLANG_ENABLE_OBJC_ARC = YES;
				CLANG_ENABLE_OBJC_WEAK = YES;
				CLANG_WARN_BLOCK_CAPTURE_AUTORELEASING = YES;
				CLANG_WARN_BOOL_CONVERSION = YES;
				CLANG_WARN_COMMA = YES;
				CLANG_WARN_CONSTANT_CONVERSION = YES;
				CLANG_WARN_DEPRECATED_OBJC_IMPLEMENTATIONS = YES;
				CLANG_WARN_DIRECT_OBJC_ISA_USAGE = YES_ERROR;
				CLANG_WARN_DOCUMENTATION_COMMENTS = YES;
				CLANG_WARN_EMPTY_BODY = YES;
				CLANG_WARN_ENUM_CONVERSION = YES;
				CLANG_WARN_INFINITE_RECURSION = YES;
				CLANG_WARN_INT_CONVERSION = YES;
				CLANG_WARN_NON_LITERAL_NULL_CONVERSION = YES;
				CLANG_WARN_OBJC_IMPLICIT_RETAIN_SELF = YES;
				CLANG_WARN_OBJC_LITERAL_CONVERSION = YES;
				CLANG_WARN_OBJC_ROOT_CLASS = YES_ERROR;
				CLANG_WARN_QUOTED_INCLUDE_IN_FRAMEWORK_HEADER = YES;
				CLANG_WARN_RANGE_LOOP_ANALYSIS = YES;
				CLANG_WARN_STRICT_PROTOTYPES = YES;
				CLANG_WARN_SUSPICIOUS_MOVE = YES;
				CLANG_WARN_UNGUARDED_AVAILABILITY = YES_AGGRESSIVE;
				CLANG_WARN_UNREACHABLE_CODE = YES;
				CLANG_WARN__DUPLICATE_METHOD_MATCH = YES;
				COPY_PHASE_STRIP = NO;
				DEBUG_INFORMATION_FORMAT = "dwarf-with-dsym";
				DEVELOPMENT_TEAM = "";
				ENABLE_NS_ASSERTIONS = NO;
				ENABLE_STRICT_OBJC_MSGSEND = YES;
				ENABLE_USER_SCRIPT_SANDBOXING = YES;
				GCC_C_LANGUAGE_STANDARD = gnu17;
				GCC_NO_COMMON_BLOCKS = YES;
				GCC_WARN_64_TO_32_BIT_CONVERSION = YES;
				GCC_WARN_ABOUT_RETURN_TYPE = YES_ERROR;
				GCC_WARN_UNDECLARED_SELECTOR = YES;
				GCC_WARN_UNINITIALIZED_AUTOS = YES_AGGRESSIVE;
				GCC_WARN_UNUSED_FUNCTION = YES;
				GCC_WARN_UNUSED_VARIABLE = YES;
				IPHONEOS_DEPLOYMENT_TARGET = 16.0;
				LOCALIZATION_PREFERS_STRING_CATALOGS = YES;
				MTL_ENABLE_DEBUG_INFO = NO;
				MTL_FAST_MATH = YES;
				SDKROOT = iphoneos;
				SWIFT_COMPILATION_MODE = wholemodule;
				VALIDATE_PRODUCT = YES;
			};
			name = Release;
		};
		B04FFC172F1B1C2C0073190A /* Debug */ = {
			isa = XCBuildConfiguration;
			buildSettings = {
				BUNDLE_LOADER = "$(TEST_HOST)";
				CODE_SIGN_STYLE = Automatic;
				CURRENT_PROJECT_VERSION = 1;
				DEVELOPMENT_TEAM = "";
				GENERATE_INFOPLIST_FILE = YES;
				IPHONEOS_DEPLOYMENT_TARGET = 16.0;
				MARKETING_VERSION = 1.0;
				PRODUCT_BUNDLE_IDENTIFIER = "com.Michael-Suarez-Russell.NomieTests";
				PRODUCT_NAME = "$(TARGET_NAME)";
				STRING_CATALOG_GENERATE_SYMBOLS = NO;
				SWIFT_APPROACHABLE_CONCURRENCY = YES;
				SWIFT_EMIT_LOC_STRINGS = NO;
				SWIFT_UPCOMING_FEATURE_MEMBER_IMPORT_VISIBILITY = YES;
				SWIFT_VERSION = 5.0;
				TARGETED_DEVICE_FAMILY = "1,2";
				TEST_HOST = "$(BUILT_PRODUCTS_DIR)/Nomie.app/$(BUNDLE_EXECUTABLE_FOLDER_PATH)/Nomie";
			};
			name = Debug;
		};
		B04FFC182F1B1C2C0073190A /* Release */ = {
			isa = XCBuildConfiguration;
			buildSettings = {
				BUNDLE_LOADER = "$(TEST_HOST)";
				CODE_SIGN_STYLE = Automatic;
				CURRENT_PROJECT_VERSION = 1;
				DEVELOPMENT_TEAM = "";
				GENERATE_INFOPLIST_FILE = YES;
				IPHONEOS_DEPLOYMENT_TARGET = 16.0;
				MARKETING_VERSION = 1.0;
				PRODUCT_BUNDLE_IDENTIFIER = "com.Michael-Suarez-Russell.NomieTests";
				PRODUCT_NAME = "$(TARGET_NAME)";
				STRING_CATALOG_GENERATE_SYMBOLS = NO;
				SWIFT_APPROACHABLE_CONCURRENCY = YES;
				SWIFT_EMIT_LOC_STRINGS = NO;
				SWIFT_UPCOMING_FEATURE_MEMBER_IMPORT_VISIBILITY = YES;
				SWIFT_VERSION = 5.0;
				TARGETED_DEVICE_FAMILY = "1,2";
				TEST_HOST = "$(BUILT_PRODUCTS_DIR)/Nomie.app/$(BUNDLE_EXECUTABLE_FOLDER_PATH)/Nomie";
			};
			name = Release;
		};
		B04FFC1A2F1B1C2C0073190A /* Debug */ = {
			isa = XCBuildConfiguration;
			buildSettings = {
				CODE_SIGN_STYLE = Automatic;
				CURRENT_PROJECT_VERSION = 1;
				DEVELOPMENT_TEAM = "";
				GENERATE_INFOPLIST_FILE = YES;
				MARKETING_VERSION = 1.0;
				PRODUCT_BUNDLE_IDENTIFIER = "com.Michael-Suarez-Russell.NomieUITests";
				PRODUCT_NAME = "$(TARGET_NAME)";
				STRING_CATALOG_GENERATE_SYMBOLS = NO;
				SWIFT_APPROACHABLE_CONCURRENCY = YES;
				SWIFT_EMIT_LOC_STRINGS = NO;
				SWIFT_UPCOMING_FEATURE_MEMBER_IMPORT_VISIBILITY = YES;
				SWIFT_VERSION = 5.0;
				TARGETED_DEVICE_FAMILY = "1,2";
				TEST_TARGET_NAME = Nomie;
			};
			name = Debug;
		};
		B04FFC1B2F1B1C2C0073190A /* Release */ = {
			isa = XCBuildConfiguration;
			buildSettings = {
				CODE_SIGN_STYLE = Automatic;
				CURRENT_PROJECT_VERSION = 1;
				DEVELOPMENT_TEAM = "";
				GENERATE_INFOPLIST_FILE = YES;
				MARKETING_VERSION = 1.0;
				PRODUCT_BUNDLE_IDENTIFIER = "com.Michael-Suarez-Russell.NomieUITests";
				PRODUCT_NAME = "$(TARGET_NAME)";
				STRING_CATALOG_GENERATE_SYMBOLS = NO;
				SWIFT_APPROACHABLE_CONCURRENCY = YES;
				SWIFT_EMIT_LOC_STRINGS = NO;
				SWIFT_UPCOMING_FEATURE_MEMBER_IMPORT_VISIBILITY = YES;
				SWIFT_VERSION = 5.0;
				TARGETED_DEVICE_FAMILY = "1,2";
				TEST_TARGET_NAME = Nomie;
			};
			name = Release;
		};
/* End XCBuildConfiguration section */

/* Begin XCConfigurationList section */
		36EDD2045210423885CE5EDD /* Build configuration list for PBXNativeTarget "NomieReport" */ = {
			isa = XCConfigurationList;
			buildConfigurations = (
				7A0BF7281D3F43C6A95EC784 /* Debug */,
				951D78DFD062491DBFB5630F /* Release */,
			);
			defaultConfigurationIsVisible = 0;
			defaultConfigurationName = Release;
		};
		B04FFBE82F1B1C290073190A /* Build configuration list for PBXProject "Nomie" */ = {
			isa = XCConfigurationList;
			buildConfigurations = (
				B04FFC142F1B1C2C0073190A /* Debug */,
				B04FFC152F1B1C2C0073190A /* Release */,
			);
			defaultConfigurationIsVisible = 0;
			defaultConfigurationName = Release;
		};
		B04FFC112F1B1C2C0073190A /* Build configuration list for PBXNativeTarget "Nomie" */ = {
			isa = XCConfigurationList;
			buildConfigurations = (
				B04FFC122F1B1C2C0073190A /* Debug */,
				B04FFC132F1B1C2C0073190A /* Release */,
			);
			defaultConfigurationIsVisible = 0;
			defaultConfigurationName = Release;
		};
		B04FFC162F1B1C2C0073190A /* Build configuration list for PBXNativeTarget "NomieTests" */ = {
			isa = XCConfigurationList;
			buildConfigurations = (
				B04FFC172F1B1C2C0073190A /* Debug */,
				B04FFC182F1B1C2C0073190A /* Release */,
			);
			defaultConfigurationIsVisible = 0;
			defaultConfigurationName = Release;
		};
		B04FFC192F1B1C2C0073190A /* Build configuration list for PBXNativeTarget "NomieUITests" */ = {
			isa = XCConfigurationList;
			buildConfigurations = (
				B04FFC1A2F1B1C2C0073190A /* Debug */,
				B04FFC1B2F1B1C2C0073190A /* Release */,
			);
			defaultConfigurationIsVisible = 0;
			defaultConfigurationName = Release;
		};
/* End XCConfigurationList section */
	};
	rootObject = B04FFBE52F1B1C290073190A /* Project object */;
}
